
Microsoft Visual Studio Solution File, Format Version 12.00
# Visual Studio Version 16
VisualStudioVersion = 16.0.31911.196
MinimumVisualStudioVersion = 10.0.40219.1
Project("{FAE04EC0-301F-11D3-BF4B-00C04F79EFBC}") = "GameOfLife-VAS", "GameOfLife-VAS.csproj", "{3448D068-DA75-4B43-AFAB-5AEAA06C0E7E}"
EndProject
Global
	GlobalSection(SolutionConfigurationPlatforms) = preSolution
		Debug|Any CPU = Debug|Any CPU
		Release|Any CPU = Release|Any CPU
	EndGlobalSection
	GlobalSection(ProjectConfigurationPlatforms) = postSolution
		{3448D068-DA75-4B43-AFAB-5AEAA06C0E7E}.Debug|Any CPU.ActiveCfg = Debug|Any CPU
		{3448D068-DA75-4B43-AFAB-5AEAA06C0E7E}.Debug|Any CPU.Build.0 = Debug|Any CPU
		{3448D068-DA75-4B43-AFAB-5AEAA06C0E7E}.Release|Any CPU.ActiveCfg = Release|Any CPU
		{3448D068-DA75-4B43-AFAB-5AEAA06C0E7E}.Release|Any CPU.Build.0 = Release|Any CPU
	EndGlobalSection
	GlobalSection(SolutionProperties) = preSolution
		HideSolutionNode = FALSE
	EndGlobalSection
	GlobalSection(ExtensibilityGlobals) = postSolution
		SolutionGuid = {CC569D40-A8F8-490F-AC78-66BD89D6F864}
	EndGlobalSection
EndGlobal
